// !$*UTF8*$!
{
	archiveVersion = 1;
	classes = {
	};
	objectVersion = 56;
	objects = {

/* Begin PBXBuildFile section */
		0413C62E2C20275B0069ADBF /* CustomBackgroundView.swift in Sources */ = {isa = PBXBuildFile; fileRef = 0413C62D2C20275B0069ADBF /* CustomBackgroundView.swift */; };
		0413C6312C2029C80069ADBF /* ColorExtension.swift in Sources */ = {isa = PBXBuildFile; fileRef = 0413C6302C2029C80069ADBF /* ColorExtension.swift */; };
		0413C6332C204A460069ADBF /* GradientButtonStyle.swift in Sources */ = {isa = PBXBuildFile; fileRef = 0413C6322C204A460069ADBF /* GradientButtonStyle.swift */; };
		0413C6372C204B040069ADBF /* CustomButtonView.swift in Sources */ = {isa = PBXBuildFile; fileRef = 0413C6362C204B040069ADBF /* CustomButtonView.swift */; };
		0413C6392C21B24E0069ADBF /* CustomCircleView.swift in Sources */ = {isa = PBXBuildFile; fileRef = 0413C6382C21B24E0069ADBF /* CustomCircleView.swift */; };
		0413C63B2C21B5180069ADBF /* MotionAnimationView.swift in Sources */ = {isa = PBXBuildFile; fileRef = 0413C63A2C21B5180069ADBF /* MotionAnimationView.swift */; };
		044227692C21BED9002C03DA /* SettingsView.swift in Sources */ = {isa = PBXBuildFile; fileRef = 044227682C21BED9002C03DA /* SettingsView.swift */; };
		0442276B2C21D262002C03DA /* CustomListRowView.swift in Sources */ = {isa = PBXBuildFile; fileRef = 0442276A2C21D262002C03DA /* CustomListRowView.swift */; };
		04AA40352C1EC47500C87CD9 /* HikeApp.swift in Sources */ = {isa = PBXBuildFile; fileRef = 04AA40342C1EC47500C87CD9 /* HikeApp.swift */; };
		04AA40372C1EC47500C87CD9 /* ContentView.swift in Sources */ = {isa = PBXBuildFile; fileRef = 04AA40362C1EC47500C87CD9 /* ContentView.swift */; };
		04AA40392C1EC47600C87CD9 /* Assets.xcassets in Resources */ = {isa = PBXBuildFile; fileRef = 04AA40382C1EC47600C87CD9 /* Assets.xcassets */; };
		04AA403C2C1EC47600C87CD9 /* Preview Assets.xcassets in Resources */ = {isa = PBXBuildFile; fileRef = 04AA403B2C1EC47600C87CD9 /* Preview Assets.xcassets */; };
		04AA40432C20252200C87CD9 /* CardView.swift in Sources */ = {isa = PBXBuildFile; fileRef = 04AA40422C20252200C87CD9 /* CardView.swift */; };
/* End PBXBuildFile section */

/* Begin PBXFileReference section */
		0413C62D2C20275B0069ADBF /* CustomBackgroundView.swift */ = {isa = PBXFileReference; lastKnownFileType = sourcecode.swift; path = CustomBackgroundView.swift; sourceTree = "<group>"; };
		0413C6302C2029C80069ADBF /* ColorExtension.swift */ = {isa = PBXFileReference; lastKnownFileType = sourcecode.swift; path = ColorExtension.swift; sourceTree = "<group>"; };
		0413C6322C204A460069ADBF /* GradientButtonStyle.swift */ = {isa = PBXFileReference; lastKnownFileType = sourcecode.swift; path = GradientButtonStyle.swift; sourceTree = "<group>"; };
		0413C6362C204B040069ADBF /* CustomButtonView.swift */ = {isa = PBXFileReference; lastKnownFileType = sourcecode.swift; path = CustomButtonView.swift; sourceTree = "<group>"; };
		0413C6382C21B24E0069ADBF /* CustomCircleView.swift */ = {isa = PBXFileReference; lastKnownFileType = sourcecode.swift; path = CustomCircleView.swift; sourceTree = "<group>"; };
		0413C63A2C21B5180069ADBF /* MotionAnimationView.swift */ = {isa = PBXFileReference; lastKnownFileType = sourcecode.swift; path = MotionAnimationView.swift; sourceTree = "<group>"; };
		044227682C21BED9002C03DA /* SettingsView.swift */ = {isa = PBXFileReference; lastKnownFileType = sourcecode.swift; path = SettingsView.swift; sourceTree = "<group>"; };
		0442276A2C21D262002C03DA /* CustomListRowView.swift */ = {isa = PBXFileReference; lastKnownFileType = sourcecode.swift; path = CustomListRowView.swift; sourceTree = "<group>"; };
		04AA40312C1EC47500C87CD9 /* Hike.app */ = {isa = PBXFileReference; explicitFileType = wrapper.application; includeInIndex = 0; path = Hike.app; sourceTree = BUILT_PRODUCTS_DIR; };
		04AA40342C1EC47500C87CD9 /* HikeApp.swift */ = {isa = PBXFileReference; lastKnownFileType = sourcecode.swift; path = HikeApp.swift; sourceTree = "<group>"; };
		04AA40362C1EC47500C87CD9 /* ContentView.swift */ = {isa = PBXFileReference; lastKnownFileType = sourcecode.swift; path = ContentView.swift; sourceTree = "<group>"; };
		04AA40382C1EC47600C87CD9 /* Assets.xcassets */ = {isa = PBXFileReference; lastKnownFileType = folder.assetcatalog; path = Assets.xcassets; sourceTree = "<group>"; };
		04AA403B2C1EC47600C87CD9 /* Preview Assets.xcassets */ = {isa = PBXFileReference; lastKnownFileType = folder.assetcatalog; path = "Preview Assets.xcassets"; sourceTree = "<group>"; };
		04AA40422C20252200C87CD9 /* CardView.swift */ = {isa = PBXFileReference; lastKnownFileType = sourcecode.swift; path = CardView.swift; sourceTree = "<group>"; };
/* End PBXFileReference section */

/* Begin PBXFrameworksBuildPhase section */
		04AA402E2C1EC47500C87CD9 /* Frameworks */ = {
			isa = PBXFrameworksBuildPhase;
			buildActionMask = 2147483647;
			files = (
			);
			runOnlyForDeploymentPostprocessing = 0;
		};
/* End PBXFrameworksBuildPhase section */

/* Begin PBXGroup section */
		0413C62C2C2027480069ADBF /* Component */ = {
			isa = PBXGroup;
			children = (
				04AA40422C20252200C87CD9 /* CardView.swift */,
				0413C62D2C20275B0069ADBF /* CustomBackgroundView.swift */,
				0413C6362C204B040069ADBF /* CustomButtonView.swift */,
				0413C6382C21B24E0069ADBF /* CustomCircleView.swift */,
				0413C63A2C21B5180069ADBF /* MotionAnimationView.swift */,
				0442276A2C21D262002C03DA /* CustomListRowView.swift */,
			);
			path = Component;
			sourceTree = "<group>";
		};
		0413C62F2C2029BB0069ADBF /* Utility */ = {
			isa = PBXGroup;
			children = (
				0413C6302C2029C80069ADBF /* ColorExtension.swift */,
				0413C6322C204A460069ADBF /* GradientButtonStyle.swift */,
			);
			path = Utility;
			sourceTree = "<group>";
		};
		0413C63C2C21BE690069ADBF /* Screen */ = {
			isa = PBXGroup;
			children = (
				04AA40362C1EC47500C87CD9 /* ContentView.swift */,
				044227682C21BED9002C03DA /* SettingsView.swift */,
			);
			path = Screen;
			sourceTree = "<group>";
		};
		04AA40282C1EC47500C87CD9 = {
			isa = PBXGroup;
			children = (
				04AA40332C1EC47500C87CD9 /* Hike */,
				04AA40322C1EC47500C87CD9 /* Products */,
			);
			sourceTree = "<group>";
		};
		04AA40322C1EC47500C87CD9 /* Products */ = {
			isa = PBXGroup;
			children = (
				04AA40312C1EC47500C87CD9 /* Hike.app */,
			);
			name = Products;
			sourceTree = "<group>";
		};
		04AA40332C1EC47500C87CD9 /* Hike */ = {
			isa = PBXGroup;
			children = (
				0413C62F2C2029BB0069ADBF /* Utility */,
				04AA40342C1EC47500C87CD9 /* HikeApp.swift */,
				0413C63C2C21BE690069ADBF /* Screen */,
				0413C62C2C2027480069ADBF /* Component */,
				04AA40382C1EC47600C87CD9 /* Assets.xcassets */,
				04AA403A2C1EC47600C87CD9 /* Preview Content */,
			);
			path = Hike;
			sourceTree = "<group>";
		};
		04AA403A2C1EC47600C87CD9 /* Preview Content */ = {
			isa = PBXGroup;
			children = (
				04AA403B2C1EC47600C87CD9 /* Preview Assets.xcassets */,
			);
			path = "Preview Content";
			sourceTree = "<group>";
		};
/* End PBXGroup section */

/* Begin PBXNativeTarget section */
		04AA40302C1EC47500C87CD9 /* Hike */ = {
			isa = PBXNativeTarget;
			buildConfigurationList = 04AA403F2C1EC47600C87CD9 /* Build configuration list for PBXNativeTarget "Hike" */;
			buildPhases = (
				04AA402D2C1EC47500C87CD9 /* Sources */,
				04AA402E2C1EC47500C87CD9 /* Frameworks */,
				04AA402F2C1EC47500C87CD9 /* Resources */,
			);
			buildRules = (
			);
			dependencies = (
			);
			name = Hike;
			productName = Hike;
			productReference = 04AA40312C1EC47500C87CD9 /* Hike.app */;
			productType = "com.apple.product-type.application";
		};
/* End PBXNativeTarget section */

/* Begin PBXProject section */
		04AA40292C1EC47500C87CD9 /* Project object */ = {
			isa = PBXProject;
			attributes = {
				BuildIndependentTargetsInParallel = 1;
				LastSwiftUpdateCheck = 1540;
				LastUpgradeCheck = 1540;
				TargetAttributes = {
					04AA40302C1EC47500C87CD9 = {
						CreatedOnToolsVersion = 15.4;
					};
				};
			};
			buildConfigurationList = 04AA402C2C1EC47500C87CD9 /* Build configuration list for PBXProject "Hike" */;
			compatibilityVersion = "Xcode 14.0";
			developmentRegion = en;
			hasScannedForEncodings = 0;
			knownRegions = (
				en,
				Base,
			);
			mainGroup = 04AA40282C1EC47500C87CD9;
			productRefGroup = 04AA40322C1EC47500C87CD9 /* Products */;
			projectDirPath = "";
			projectRoot = "";
			targets = (
				04AA40302C1EC47500C87CD9 /* Hike */,
			);
		};
/* End PBXProject section */

/* Begin PBXResourcesBuildPhase section */
		04AA402F2C1EC47500C87CD9 /* Resources */ = {
			isa = PBXResourcesBuildPhase;
			buildActionMask = 2147483647;
			files = (
				04AA403C2C1EC47600C87CD9 /* Preview Assets.xcassets in Resources */,
				04AA40392C1EC47600C87CD9 /* Assets.xcassets in Resources */,
			);
			runOnlyForDeploymentPostprocessing = 0;
		};
/* End PBXResourcesBuildPhase section */

/* Begin PBXSourcesBuildPhase section */
		04AA402D2C1EC47500C87CD9 /* Sources */ = {
			isa = PBXSourcesBuildPhase;
			buildActionMask = 2147483647;
			files = (
				0413C6372C204B040069ADBF /* CustomButtonView.swift in Sources */,
				0413C6392C21B24E0069ADBF /* CustomCircleView.swift in Sources */,
				0442276B2C21D262002C03DA /* CustomListRowView.swift in Sources */,
				04AA40372C1EC47500C87CD9 /* ContentView.swift in Sources */,
				04AA40432C20252200C87CD9 /* CardView.swift in Sources */,
				04AA40352C1EC47500C87CD9 /* HikeApp.swift in Sources */,
				044227692C21BED9002C03DA /* SettingsView.swift in Sources */,
				0413C6332C204A460069ADBF /* GradientButtonStyle.swift in Sources */,
				0413C63B2C21B5180069ADBF /* MotionAnimationView.swift in Sources */,
				0413C62E2C20275B0069ADBF /* CustomBackgroundView.swift in Sources */,
				0413C6312C2029C80069ADBF /* ColorExtension.swift in Sources */,
			);
			runOnlyForDeploymentPostprocessing = 0;
		};
/* End PBXSourcesBuildPhase section */

/* Begin XCBuildConfiguration section */
		04AA403D2C1EC47600C87CD9 /* Debug */ = {
			isa = XCBuildConfiguration;
			buildSettings = {
				ALWAYS_SEARCH_USER_PATHS = NO;
				ASSETCATALOG_COMPILER_GENERATE_SWIFT_ASSET_SYMBOL_EXTENSIONS = YES;
				CLANG_ANALYZER_NONNULL = YES;
				CLANG_ANALYZER_NUMBER_OBJECT_CONVERSION = YES_AGGRESSIVE;
				CLANG_CXX_LANGUAGE_STANDARD = "gnu++20";
				CLANG_ENABLE_MODULES = YES;
				CLANG_ENABLE_OBJC_ARC = YES;
				CLANG_ENABLE_OBJC_WEAK = YES;
				CLANG_WARN_BLOCK_CAPTURE_AUTORELEASING = YES;
				CLANG_WARN_BOOL_CONVERSION = YES;
				CLANG_WARN_COMMA = YES;
				CLANG_WARN_CONSTANT_CONVERSION = YES;
				CLANG_WARN_DEPRECATED_OBJC_IMPLEMENTATIONS = YES;
				CLANG_WARN_DIRECT_OBJC_ISA_USAGE = YES_ERROR;
				CLANG_WARN_DOCUMENTATION_COMMENTS = YES;
				CLANG_WARN_EMPTY_BODY = YES;
				CLANG_WARN_ENUM_CONVERSION = YES;
				CLANG_WARN_INFINITE_RECURSION = YES;
				CLANG_WARN_INT_CONVERSION = YES;
				CLANG_WARN_NON_LITERAL_NULL_CONVERSION = YES;
				CLANG_WARN_OBJC_IMPLICIT_RETAIN_SELF = YES;
				CLANG_WARN_OBJC_LITERAL_CONVERSION = YES;
				CLANG_WARN_OBJC_ROOT_CLASS = YES_ERROR;
				CLANG_WARN_QUOTED_INCLUDE_IN_FRAMEWORK_HEADER = YES;
				CLANG_WARN_RANGE_LOOP_ANALYSIS = YES;
				CLANG_WARN_STRICT_PROTOTYPES = YES;
				CLANG_WARN_SUSPICIOUS_MOVE = YES;
				CLANG_WARN_UNGUARDED_AVAILABILITY = YES_AGGRESSIVE;
				CLANG_WARN_UNREACHABLE_CODE = YES;
				CLANG_WARN__DUPLICATE_METHOD_MATCH = YES;
				COPY_PHASE_STRIP = NO;
				DEBUG_INFORMATION_FORMAT = dwarf;
				ENABLE_STRICT_OBJC_MSGSEND = YES;
				ENABLE_TESTABILITY = YES;
				ENABLE_USER_SCRIPT_SANDBOXING = YES;
				GCC_C_LANGUAGE_STANDARD = gnu17;
				GCC_DYNAMIC_NO_PIC = NO;
				GCC_NO_COMMON_BLOCKS = YES;
				GCC_OPTIMIZATION_LEVEL = 0;
				GCC_PREPROCESSOR_DEFINITIONS = (
					"DEBUG=1",
					"$(inherited)",
				);
				GCC_WARN_64_TO_32_BIT_CONVERSION = YES;
				GCC_WARN_ABOUT_RETURN_TYPE = YES_ERROR;
				GCC_WARN_UNDECLARED_SELECTOR = YES;
				GCC_WARN_UNINITIALIZED_AUTOS = YES_AGGRESSIVE;
				GCC_WARN_UNUSED_FUNCTION = YES;
				GCC_WARN_UNUSED_VARIABLE = YES;
				IPHONEOS_DEPLOYMENT_TARGET = 17.5;
				LOCALIZATION_PREFERS_STRING_CATALOGS = YES;
				MTL_ENABLE_DEBUG_INFO = INCLUDE_SOURCE;
				MTL_FAST_MATH = YES;
				ONLY_ACTIVE_ARCH = YES;
				SDKROOT = iphoneos;
				SWIFT_ACTIVE_COMPILATION_CONDITIONS = "DEBUG $(inherited)";
				SWIFT_OPTIMIZATION_LEVEL = "-Onone";
			};
			name = Debug;
		};
		04AA403E2C1EC47600C87CD9 /* Release */ = {
			isa = XCBuildConfiguration;
			buildSettings = {
				ALWAYS_SEARCH_USER_PATHS = NO;
				ASSETCATALOG_COMPILER_GENERATE_SWIFT_ASSET_SYMBOL_EXTENSIONS = YES;
				CLANG_ANALYZER_NONNULL = YES;
				CLANG_ANALYZER_NUMBER_OBJECT_CONVERSION = YES_AGGRESSIVE;
				CLANG_CXX_LANGUAGE_STANDARD = "gnu++20";
				CLANG_ENABLE_MODULES = YES;
				CLANG_ENABLE_OBJC_ARC = YES;
				CLANG_ENABLE_OBJC_WEAK = YES;
				CLANG_WARN_BLOCK_CAPTURE_AUTORELEASING = YES;
				CLANG_WARN_BOOL_CONVERSION = YES;
				CLANG_WARN_COMMA = YES;
				CLANG_WARN_CONSTANT_CONVERSION = YES;
				CLANG_WARN_DEPRECATED_OBJC_IMPLEMENTATIONS = YES;
				CLANG_WARN_DIRECT_OBJC_ISA_USAGE = YES_ERROR;
				CLANG_WARN_DOCUMENTATION_COMMENTS = YES;
				CLANG_WARN_EMPTY_BODY = YES;
				CLANG_WARN_ENUM_CONVERSION = YES;
				CLANG_WARN_INFINITE_RECURSION = YES;
				CLANG_WARN_INT_CONVERSION = YES;
				CLANG_WARN_NON_LITERAL_NULL_CONVERSION = YES;
				CLANG_WARN_OBJC_IMPLICIT_RETAIN_SELF = YES;
				CLANG_WARN_OBJC_LITERAL_CONVERSION = YES;
				CLANG_WARN_OBJC_ROOT_CLASS = YES_ERROR;
				CLANG_WARN_QUOTED_INCLUDE_IN_FRAMEWORK_HEADER = YES;
				CLANG_WARN_RANGE_LOOP_ANALYSIS = YES;
				CLANG_WARN_STRICT_PROTOTYPES = YES;
				CLANG_WARN_SUSPICIOUS_MOVE = YES;
				CLANG_WARN_UNGUARDED_AVAILABILITY = YES_AGGRESSIVE;
				CLANG_WARN_UNREACHABLE_CODE = YES;
				CLANG_WARN__DUPLICATE_METHOD_MATCH = YES;
				COPY_PHASE_STRIP = NO;
				DEBUG_INFORMATION_FORMAT = "dwarf-with-dsym";
				ENABLE_NS_ASSERTIONS = NO;
				ENABLE_STRICT_OBJC_MSGSEND = YES;
				ENABLE_USER_SCRIPT_SANDBOXING = YES;
				GCC_C_LANGUAGE_STANDARD = gnu17;
				GCC_NO_COMMON_BLOCKS = YES;
				GCC_WARN_64_TO_32_BIT_CONVERSION = YES;
				GCC_WARN_ABOUT_RETURN_TYPE = YES_ERROR;
				GCC_WARN_UNDECLARED_SELECTOR = YES;
				GCC_WARN_UNINITIALIZED_AUTOS = YES_AGGRESSIVE;
				GCC_WARN_UNUSED_FUNCTION = YES;
				GCC_WARN_UNUSED_VARIABLE = YES;
				IPHONEOS_DEPLOYMENT_TARGET = 17.5;
				LOCALIZATION_PREFERS_STRING_CATALOGS = YES;
				MTL_ENABLE_DEBUG_INFO = NO;
				MTL_FAST_MATH = YES;
				SDKROOT = iphoneos;
				SWIFT_COMPILATION_MODE = wholemodule;
				VALIDATE_PRODUCT = YES;
			};
			name = Release;
		};
		04AA40402C1EC47600C87CD9 /* Debug */ = {
			isa = XCBuildConfiguration;
			buildSettings = {
				ASSETCATALOG_COMPILER_APPICON_NAME = AppIcon;
				ASSETCATALOG_COMPILER_GLOBAL_ACCENT_COLOR_NAME = AccentColor;
				CODE_SIGN_STYLE = Automatic;
				CURRENT_PROJECT_VERSION = 1;
				DEVELOPMENT_ASSET_PATHS = "\"Hike/Preview Content\"";
				DEVELOPMENT_TEAM = 668BA5HCMU;
				ENABLE_PREVIEWS = YES;
				GENERATE_INFOPLIST_FILE = YES;
				INFOPLIST_KEY_UIApplicationSceneManifest_Generation = YES;
				INFOPLIST_KEY_UIApplicationSupportsIndirectInputEvents = YES;
				INFOPLIST_KEY_UILaunchScreen_Generation = YES;
				INFOPLIST_KEY_UISupportedInterfaceOrientations_iPad = "UIInterfaceOrientationPortrait UIInterfaceOrientationPortraitUpsideDown UIInterfaceOrientationLandscapeLeft UIInterfaceOrientationLandscapeRight";
				INFOPLIST_KEY_UISupportedInterfaceOrientations_iPhone = "UIInterfaceOrientationPortrait UIInterfaceOrientationLandscapeLeft UIInterfaceOrientationLandscapeRight";
				LD_RUNPATH_SEARCH_PATHS = (
					"$(inherited)",
					"@executable_path/Frameworks",
				);
				MARKETING_VERSION = 1.0;
				PRODUCT_BUNDLE_IDENTIFIER = com.ussama.Hike;
				PRODUCT_NAME = "$(TARGET_NAME)";
				SWIFT_EMIT_LOC_STRINGS = YES;
				SWIFT_VERSION = 5.0;
				TARGETED_DEVICE_FAMILY = "1,2";
			};
			name = Debug;
		};
		04AA40412C1EC47600C87CD9 /* Release */ = {
			isa = XCBuildConfiguration;
			buildSettings = {
				ASSETCATALOG_COMPILER_APPICON_NAME = AppIcon;
				ASSETCATALOG_COMPILER_GLOBAL_ACCENT_COLOR_NAME = AccentColor;
				CODE_SIGN_STYLE = Automatic;
				CURRENT_PROJECT_VERSION = 1;
				DEVELOPMENT_ASSET_PATHS = "\"Hike/Preview Content\"";
				DEVELOPMENT_TEAM = 668BA5HCMU;
				ENABLE_PREVIEWS = YES;
				GENERATE_INFOPLIST_FILE = YES;
				INFOPLIST_KEY_UIApplicationSceneManifest_Generation = YES;
				INFOPLIST_KEY_UIApplicationSupportsIndirectInputEvents = YES;
				INFOPLIST_KEY_UILaunchScreen_Generation = YES;
				INFOPLIST_KEY_UISupportedInterfaceOrientations_iPad = "UIInterfaceOrientationPortrait UIInterfaceOrientationPortraitUpsideDown UIInterfaceOrientationLandscapeLeft UIInterfaceOrientationLandscapeRight";
				INFOPLIST_KEY_UISupportedInterfaceOrientations_iPhone = "UIInterfaceOrientationPortrait UIInterfaceOrientationLandscapeLeft UIInterfaceOrientationLandscapeRight";
				LD_RUNPATH_SEARCH_PATHS = (
					"$(inherited)",
					"@executable_path/Frameworks",
				);
				MARKETING_VERSION = 1.0;
				PRODUCT_BUNDLE_IDENTIFIER = com.ussama.Hike;
				PRODUCT_NAME = "$(TARGET_NAME)";
				SWIFT_EMIT_LOC_STRINGS = YES;
				SWIFT_VERSION = 5.0;
				TARGETED_DEVICE_FAMILY = "1,2";
			};
			name = Release;
		};
/* End XCBuildConfiguration section */

/* Begin XCConfigurationList section */
		04AA402C2C1EC47500C87CD9 /* Build configuration list for PBXProject "Hike" */ = {
			isa = XCConfigurationList;
			buildConfigurations = (
				04AA403D2C1EC47600C87CD9 /* Debug */,
				04AA403E2C1EC47600C87CD9 /* Release */,
			);
			defaultConfigurationIsVisible = 0;
			defaultConfigurationName = Release;
		};
		04AA403F2C1EC47600C87CD9 /* Build configuration list for PBXNativeTarget "Hike" */ = {
			isa = XCConfigurationList;
			buildConfigurations = (
				04AA40402C1EC47600C87CD9 /* Debug */,
				04AA40412C1EC47600C87CD9 /* Release */,
			);
			defaultConfigurationIsVisible = 0;
			defaultConfigurationName = Release;
		};
/* End XCConfigurationList section */
	};
	rootObject = 04AA40292C1EC47500C87CD9 /* Project object */;
}
